
Microsoft Visual Studio Solution File, Format Version 12.00
# Visual Studio Version 17
VisualStudioVersion = 17.9.34616.47
MinimumVisualStudioVersion = 10.0.40219.1
Project("{FAE04EC0-301F-11D3-BF4B-00C04F79EFBC}") = "Server", "Server\Server.csproj", "{CE29658E-D6D1-4C67-87F2-528819956901}"
EndProject
Project("{FAE04EC0-301F-11D3-BF4B-00C04F79EFBC}") = "Client", "Client\Client.csproj", "{3E5FAD1D-E943-49DF-A6C4-ED31225F93B3}"
EndProject
Project("{FAE04EC0-301F-11D3-BF4B-00C04F79EFBC}") = "Admin", "Admin\Admin.csproj", "{143AA75D-DA61-4B82-890A-BB78BBA67F21}"
EndProject
Project("{FAE04EC0-301F-11D3-BF4B-00C04F79EFBC}") = "Support", "Support\Support.csproj", "{A3FBE9A8-C4EC-41BE-860C-808D33A1E34C}"
EndProject
Project("{FAE04EC0-301F-11D3-BF4B-00C04F79EFBC}") = "FlashSportsLib", "FlashSportsLib\FlashSportsLib.csproj", "{1A45C5CF-15B5-470C-A904-D9BFC0F3592A}"
EndProject
Global
	GlobalSection(SolutionConfigurationPlatforms) = preSolution
		Debug|Any CPU = Debug|Any CPU
		Release|Any CPU = Release|Any CPU
	EndGlobalSection
	GlobalSection(ProjectConfigurationPlatforms) = postSolution
		{CE29658E-D6D1-4C67-87F2-528819956901}.Debug|Any CPU.ActiveCfg = Debug|Any CPU
		{CE29658E-D6D1-4C67-87F2-528819956901}.Debug|Any CPU.Build.0 = Debug|Any CPU
		{CE29658E-D6D1-4C67-87F2-528819956901}.Release|Any CPU.ActiveCfg = Release|Any CPU
		{CE29658E-D6D1-4C67-87F2-528819956901}.Release|Any CPU.Build.0 = Release|Any CPU
		{3E5FAD1D-E943-49DF-A6C4-ED31225F93B3}.Debug|Any CPU.ActiveCfg = Debug|Any CPU
		{3E5FAD1D-E943-49DF-A6C4-ED31225F93B3}.Debug|Any CPU.Build.0 = Debug|Any CPU
		{3E5FAD1D-E943-49DF-A6C4-ED31225F93B3}.Release|Any CPU.ActiveCfg = Release|Any CPU
		{3E5FAD1D-E943-49DF-A6C4-ED31225F93B3}.Release|Any CPU.Build.0 = Release|Any CPU
		{143AA75D-DA61-4B82-890A-BB78BBA67F21}.Debug|Any CPU.ActiveCfg = Debug|Any CPU
		{143AA75D-DA61-4B82-890A-BB78BBA67F21}.Debug|Any CPU.Build.0 = Debug|Any CPU
		{143AA75D-DA61-4B82-890A-BB78BBA67F21}.Release|Any CPU.ActiveCfg = Release|Any CPU
		{143AA75D-DA61-4B82-890A-BB78BBA67F21}.Release|Any CPU.Build.0 = Release|Any CPU
		{A3FBE9A8-C4EC-41BE-860C-808D33A1E34C}.Debug|Any CPU.ActiveCfg = Debug|Any CPU
		{A3FBE9A8-C4EC-41BE-860C-808D33A1E34C}.Debug|Any CPU.Build.0 = Debug|Any CPU
		{A3FBE9A8-C4EC-41BE-860C-808D33A1E34C}.Release|Any CPU.ActiveCfg = Release|Any CPU
		{A3FBE9A8-C4EC-41BE-860C-808D33A1E34C}.Release|Any CPU.Build.0 = Release|Any CPU
		{1A45C5CF-15B5-470C-A904-D9BFC0F3592A}.Debug|Any CPU.ActiveCfg = Debug|Any CPU
		{1A45C5CF-15B5-470C-A904-D9BFC0F3592A}.Debug|Any CPU.Build.0 = Debug|Any CPU
		{1A45C5CF-15B5-470C-A904-D9BFC0F3592A}.Release|Any CPU.ActiveCfg = Release|Any CPU
		{1A45C5CF-15B5-470C-A904-D9BFC0F3592A}.Release|Any CPU.Build.0 = Release|Any CPU
	EndGlobalSection
	GlobalSection(SolutionProperties) = preSolution
		HideSolutionNode = FALSE
	EndGlobalSection
	GlobalSection(ExtensibilityGlobals) = postSolution
		SolutionGuid = {47BA4773-C4BE-435C-A189-AAE54320F6D6}
	EndGlobalSection
EndGlobal
